{
  "name": "dates-api",
  "version": "1.0.0",
  "lockfileVersion": 2,
  "requires": true,
  "packages": {
    "": {
      "name": "dates-api",
      "version": "1.0.0",
      "license": "ISC",
      "dependencies": {
        "chrono-node": "^2.3.8",
        "esbuild": "^0.11.20",
        "itty-router": "^2.5.2",
        "lodash": "^4.17.21"
      },
      "devDependencies": {
        "@cloudflare/workers-types": "^3.3.1",
        "typescript": "^4.2.4"
      }
    },
    "node_modules/@cloudflare/workers-types": {
      "version": "3.4.0",
      "resolved": "https://registry.npmjs.org/@cloudflare/workers-types/-/workers-types-3.4.0.tgz",
      "integrity": "sha512-i/3czUrt6YqbOWl44OtIqd0cSZvEVXp/1oD/DZylC4PHZL3q/BhbamdEVeVhc/HPk4iD/7MZ2HGaIMO4Z4b12A==",
      "dev": true
    },
    "node_modules/chrono-node": {
      "version": "2.3.8",
      "resolved": "https://registry.npmjs.org/chrono-node/-/chrono-node-2.3.8.tgz",
      "integrity": "sha512-cOCUKFHkGKJ//2VK0Vjwd8qh/tDJNraZHYb4DNB48mRUyfL7ag9lCDXgos30fPmV1pha4sP4qHLYItKNS0YpRw==",
      "dependencies": {
        "dayjs": "^1.10.0"
      }
    },
    "node_modules/dayjs": {
      "version": "1.10.8",
      "resolved": "https://registry.npmjs.org/dayjs/-/dayjs-1.10.8.tgz",
      "integrity": "sha512-wbNwDfBHHur9UOzNUjeKUOJ0fCb0a52Wx0xInmQ7Y8FstyajiV1NmK1e00cxsr9YrE9r7yAChE0VvpuY5Rnlow=="
    },
    "node_modules/esbuild": {
      "version": "0.11.23",
      "resolved": "https://registry.npmjs.org/esbuild/-/esbuild-0.11.23.tgz",
      "integrity": "sha512-iaiZZ9vUF5wJV8ob1tl+5aJTrwDczlvGP0JoMmnpC2B0ppiMCu8n8gmy5ZTGl5bcG081XBVn+U+jP+mPFm5T5Q==",
      "hasInstallScript": true,
      "bin": {
        "esbuild": "bin/esbuild"
      }
    },
    "node_modules/itty-router": {
      "version": "2.5.2",
      "resolved": "https://registry.npmjs.org/itty-router/-/itty-router-2.5.2.tgz",
      "integrity": "sha512-igVdp/qoMe7aMnwB1eI9OCgV9HGyQlQ9LBDWPMSDkoYv7SpcxZp0t86noQcXKCSVK2B7y7z8d5SiaNbRMLUIyg=="
    },
    "node_modules/lodash": {
      "version": "4.17.21",
      "resolved": "https://registry.npmjs.org/lodash/-/lodash-4.17.21.tgz",
      "integrity": "sha512-v2kDEe57lecTulaDIuNTPy3Ry4gLGJ6Z1O3vE1krgXZNrsQ+LFTGHVxVjcXPs17LhbZVGedAJv8XZ1tvj5FvSg=="
    },
    "node_modules/typescript": {
      "version": "4.3.2",
      "resolved": "https://registry.npmjs.org/typescript/-/typescript-4.3.2.tgz",
      "integrity": "sha512-zZ4hShnmnoVnAHpVHWpTcxdv7dWP60S2FsydQLV8V5PbS3FifjWFFRiHSWpDJahly88PRyV5teTSLoq4eG7mKw==",
      "dev": true,
      "bin": {
        "tsc": "bin/tsc",
        "tsserver": "bin/tsserver"
      },
      "engines": {
        "node": ">=4.2.0"
      }
    }
  },
  "dependencies": {
    "@cloudflare/workers-types": {
      "version": "3.4.0",
      "resolved": "https://registry.npmjs.org/@cloudflare/workers-types/-/workers-types-3.4.0.tgz",
      "integrity": "sha512-i/3czUrt6YqbOWl44OtIqd0cSZvEVXp/1oD/DZylC4PHZL3q/BhbamdEVeVhc/HPk4iD/7MZ2HGaIMO4Z4b12A==",
      "dev": true
    },
    "chrono-node": {
      "version": "2.3.8",
      "resolved": "https://registry.npmjs.org/chrono-node/-/chrono-node-2.3.8.tgz",
      "integrity": "sha512-cOCUKFHkGKJ//2VK0Vjwd8qh/tDJNraZHYb4DNB48mRUyfL7ag9lCDXgos30fPmV1pha4sP4qHLYItKNS0YpRw==",
      "requires": {
        "dayjs": "^1.10.0"
      }
    },
    "dayjs": {
      "version": "1.10.8",
      "resolved": "https://registry.npmjs.org/dayjs/-/dayjs-1.10.8.tgz",
      "integrity": "sha512-wbNwDfBHHur9UOzNUjeKUOJ0fCb0a52Wx0xInmQ7Y8FstyajiV1NmK1e00cxsr9YrE9r7yAChE0VvpuY5Rnlow=="
    },
    "esbuild": {
      "version": "0.11.23",
      "resolved": "https://registry.npmjs.org/esbuild/-/esbuild-0.11.23.tgz",
      "integrity": "sha512-iaiZZ9vUF5wJV8ob1tl+5aJTrwDczlvGP0JoMmnpC2B0ppiMCu8n8gmy5ZTGl5bcG081XBVn+U+jP+mPFm5T5Q=="
    },
    "itty-router": {
      "version": "2.5.2",
      "resolved": "https://registry.npmjs.org/itty-router/-/itty-router-2.5.2.tgz",
      "integrity": "sha512-igVdp/qoMe7aMnwB1eI9OCgV9HGyQlQ9LBDWPMSDkoYv7SpcxZp0t86noQcXKCSVK2B7y7z8d5SiaNbRMLUIyg=="
    },
    "lodash": {
      "version": "4.17.21",
      "resolved": "https://registry.npmjs.org/lodash/-/lodash-4.17.21.tgz",
      "integrity": "sha512-v2kDEe57lecTulaDIuNTPy3Ry4gLGJ6Z1O3vE1krgXZNrsQ+LFTGHVxVjcXPs17LhbZVGedAJv8XZ1tvj5FvSg=="
    },
    "typescript": {
      "version": "4.3.2",
      "resolved": "https://registry.npmjs.org/typescript/-/typescript-4.3.2.tgz",
      "integrity": "sha512-zZ4hShnmnoVnAHpVHWpTcxdv7dWP60S2FsydQLV8V5PbS3FifjWFFRiHSWpDJahly88PRyV5teTSLoq4eG7mKw==",
      "dev": true
    }
  }
}
